
Microsoft Visual Studio Solution File, Format Version 12.00
# Visual Studio Version 16
VisualStudioVersion = 16.0.30804.86
MinimumVisualStudioVersion = 10.0.40219.1
Project("{FAE04EC0-301F-11D3-BF4B-00C04F79EFBC}") = "InsuranceQualifications", "InsuranceQualifications.csproj", "{68946CD9-1456-4B5E-9E27-F730CF4B5459}"
EndProject
Global
	GlobalSection(SolutionConfigurationPlatforms) = preSolution
		Debug|Any CPU = Debug|Any CPU
		Release|Any CPU = Release|Any CPU
	EndGlobalSection
	GlobalSection(ProjectConfigurationPlatforms) = postSolution
		{68946CD9-1456-4B5E-9E27-F730CF4B5459}.Debug|Any CPU.ActiveCfg = Debug|Any CPU
		{68946CD9-1456-4B5E-9E27-F730CF4B5459}.Debug|Any CPU.Build.0 = Debug|Any CPU
		{68946CD9-1456-4B5E-9E27-F730CF4B5459}.Release|Any CPU.ActiveCfg = Release|Any CPU
		{68946CD9-1456-4B5E-9E27-F730CF4B5459}.Release|Any CPU.Build.0 = Release|Any CPU
	EndGlobalSection
	GlobalSection(SolutionProperties) = preSolution
		HideSolutionNode = FALSE
	EndGlobalSection
	GlobalSection(ExtensibilityGlobals) = postSolution
		SolutionGuid = {6F919F23-C0FB-4794-9F84-3721E5F866B2}
	EndGlobalSection
EndGlobal
